
Microsoft Visual Studio Solution File, Format Version 12.00
# Visual Studio Version 16
VisualStudioVersion = 16.0.33214.272
MinimumVisualStudioVersion = 10.0.40219.1
Project("{FAE04EC0-301F-11D3-BF4B-00C04F79EFBC}") = "register", "register\register.csproj", "{BEF31A99-DF60-42ED-8C1F-EDBFFA0CEE13}"
EndProject
Global
	GlobalSection(SolutionConfigurationPlatforms) = preSolution
		Debug|Any CPU = Debug|Any CPU
		Release|Any CPU = Release|Any CPU
	EndGlobalSection
	GlobalSection(ProjectConfigurationPlatforms) = postSolution
		{BEF31A99-DF60-42ED-8C1F-EDBFFA0CEE13}.Debug|Any CPU.ActiveCfg = Debug|Any CPU
		{BEF31A99-DF60-42ED-8C1F-EDBFFA0CEE13}.Debug|Any CPU.Build.0 = Debug|Any CPU
		{BEF31A99-DF60-42ED-8C1F-EDBFFA0CEE13}.Release|Any CPU.ActiveCfg = Release|Any CPU
		{BEF31A99-DF60-42ED-8C1F-EDBFFA0CEE13}.Release|Any CPU.Build.0 = Release|Any CPU
	EndGlobalSection
	GlobalSection(SolutionProperties) = preSolution
		HideSolutionNode = FALSE
	EndGlobalSection
	GlobalSection(ExtensibilityGlobals) = postSolution
		SolutionGuid = {6725F3DE-23FC-435B-BDE1-EF4F36020096}
	EndGlobalSection
EndGlobal
